{
    "_readme": [
        "This file locks the dependencies of your project to a known state",
        "Read more about it at https://getcomposer.org/doc/01-basic-usage.md#installing-dependencies",
        "This file is @generated automatically"
    ],
    "content-hash": "08c9645259f51a808fbe92e0beee2ceb",
    "packages": [
        {
            "name": "archtechx/enums",
            "version": "v1.0.1",
            "source": {
                "type": "git",
                "url": "https://github.com/archtechx/enums.git",
                "reference": "a99ee1a7e083736c22d3a44fd3a988e7e472cf96"
            },
            "dist": {
                "type": "zip",
                "url": "https://api.github.com/repos/archtechx/enums/zipball/a99ee1a7e083736c22d3a44fd3a988e7e472cf96",
                "reference": "a99ee1a7e083736c22d3a44fd3a988e7e472cf96",
                "shasum": ""
            },
            "require": {
                "php": "^8.1"
            },
            "require-dev": {
                "larastan/larastan": "^2.4",
                "orchestra/testbench": "^8.0",
                "pestphp/pest": "^2.0",
                "pestphp/pest-plugin-laravel": "^2.0"
            },
            "type": "library",
            "autoload": {
                "psr-4": {
                    "ArchTech\\Enums\\": "src/"
                }
            },
            "notification-url": "https://packagist.org/downloads/",
            "license": [
                "MIT"
            ],
            "authors": [
                {
                    "name": "Samuel Štancl",
                    "email": "samuel@archte.ch"
                }
            ],
            "description": "Helpers for making PHP enums more lovable.",
            "support": {
                "issues": "https://github.com/archtechx/enums/issues",
                "source": "https://github.com/archtechx/enums/tree/v1.0.1"
            },
            "time": "2024-01-28T17:52:47+00:00"
        }
    ],
    "packages-dev": [],
    "aliases": [],
    "minimum-stability": "stable",
    "stability-flags": [],
    "prefer-stable": false,
    "prefer-lowest": false,
    "platform": [],
    "platform-dev": [],
    "plugin-api-version": "2.6.0"
}
